
Microsoft Visual Studio Solution File, Format Version 12.00
# Visual Studio Version 16
VisualStudioVersion = 16.0.32929.386
MinimumVisualStudioVersion = 10.0.40219.1
Project("{FAE04EC0-301F-11D3-BF4B-00C04F79EFBC}") = "PickACardUI", "PickACardUI\PickACardUI.csproj", "{6BE0AD58-DCFB-480F-87C0-5D50DEAC2F55}"
EndProject
Global
	GlobalSection(SolutionConfigurationPlatforms) = preSolution
		Debug|Any CPU = Debug|Any CPU
		Release|Any CPU = Release|Any CPU
	EndGlobalSection
	GlobalSection(ProjectConfigurationPlatforms) = postSolution
		{6BE0AD58-DCFB-480F-87C0-5D50DEAC2F55}.Debug|Any CPU.ActiveCfg = Debug|Any CPU
		{6BE0AD58-DCFB-480F-87C0-5D50DEAC2F55}.Debug|Any CPU.Build.0 = Debug|Any CPU
		{6BE0AD58-DCFB-480F-87C0-5D50DEAC2F55}.Release|Any CPU.ActiveCfg = Release|Any CPU
		{6BE0AD58-DCFB-480F-87C0-5D50DEAC2F55}.Release|Any CPU.Build.0 = Release|Any CPU
	EndGlobalSection
	GlobalSection(SolutionProperties) = preSolution
		HideSolutionNode = FALSE
	EndGlobalSection
	GlobalSection(ExtensibilityGlobals) = postSolution
		SolutionGuid = {A71483C4-F175-47DF-9090-112BC823F006}
	EndGlobalSection
EndGlobal
